
Microsoft Visual Studio Solution File, Format Version 12.00
# Visual Studio 14
VisualStudioVersion = 14.0.25420.1
MinimumVisualStudioVersion = 10.0.40219.1
Project("{FAE04EC0-301F-11D3-BF4B-00C04F79EFBC}") = "ExtensionsDelegatesLambda", "ExtensionsDelegatesLambda\ExtensionsDelegatesLambda.csproj", "{E1887772-7A05-47A7-AA9B-9AAABA43EB82}"
EndProject
Project("{FAE04EC0-301F-11D3-BF4B-00C04F79EFBC}") = "ExtensionMethods", "Extensions\ExtensionMethods.csproj", "{60DE15DF-831C-462A-9297-54C8A62D9C36}"
EndProject
Global
	GlobalSection(SolutionConfigurationPlatforms) = preSolution
		Debug|Any CPU = Debug|Any CPU
		Release|Any CPU = Release|Any CPU
	EndGlobalSection
	GlobalSection(ProjectConfigurationPlatforms) = postSolution
		{E1887772-7A05-47A7-AA9B-9AAABA43EB82}.Debug|Any CPU.ActiveCfg = Debug|Any CPU
		{E1887772-7A05-47A7-AA9B-9AAABA43EB82}.Debug|Any CPU.Build.0 = Debug|Any CPU
		{E1887772-7A05-47A7-AA9B-9AAABA43EB82}.Release|Any CPU.ActiveCfg = Release|Any CPU
		{E1887772-7A05-47A7-AA9B-9AAABA43EB82}.Release|Any CPU.Build.0 = Release|Any CPU
		{60DE15DF-831C-462A-9297-54C8A62D9C36}.Debug|Any CPU.ActiveCfg = Debug|Any CPU
		{60DE15DF-831C-462A-9297-54C8A62D9C36}.Debug|Any CPU.Build.0 = Debug|Any CPU
		{60DE15DF-831C-462A-9297-54C8A62D9C36}.Release|Any CPU.ActiveCfg = Release|Any CPU
		{60DE15DF-831C-462A-9297-54C8A62D9C36}.Release|Any CPU.Build.0 = Release|Any CPU
	EndGlobalSection
	GlobalSection(SolutionProperties) = preSolution
		HideSolutionNode = FALSE
	EndGlobalSection
EndGlobal
