
Microsoft Visual Studio Solution File, Format Version 12.00
# Visual Studio 14
VisualStudioVersion = 14.0.25420.1
MinimumVisualStudioVersion = 10.0.40219.1
Project("{FAE04EC0-301F-11D3-BF4B-00C04F79EFBC}") = "SchoolClasses", "OOPPrinciplesPart1\SchoolClasses.csproj", "{CFA299A5-70EB-458D-9072-C928B8AD33A5}"
EndProject
Project("{FAE04EC0-301F-11D3-BF4B-00C04F79EFBC}") = "StudentsAndWorkers", "StudentsAndWorkers\StudentsAndWorkers.csproj", "{C50B8C2B-0F0A-453E-9D51-1EA41A390E9E}"
EndProject
Project("{FAE04EC0-301F-11D3-BF4B-00C04F79EFBC}") = "AnimalHierarchy", "AnimalHierarchy\AnimalHierarchy.csproj", "{0DC62D6B-F0BB-4288-80B7-ECF69C1BF0C8}"
EndProject
Global
	GlobalSection(SolutionConfigurationPlatforms) = preSolution
		Debug|Any CPU = Debug|Any CPU
		Release|Any CPU = Release|Any CPU
	EndGlobalSection
	GlobalSection(ProjectConfigurationPlatforms) = postSolution
		{CFA299A5-70EB-458D-9072-C928B8AD33A5}.Debug|Any CPU.ActiveCfg = Debug|Any CPU
		{CFA299A5-70EB-458D-9072-C928B8AD33A5}.Debug|Any CPU.Build.0 = Debug|Any CPU
		{CFA299A5-70EB-458D-9072-C928B8AD33A5}.Release|Any CPU.ActiveCfg = Release|Any CPU
		{CFA299A5-70EB-458D-9072-C928B8AD33A5}.Release|Any CPU.Build.0 = Release|Any CPU
		{C50B8C2B-0F0A-453E-9D51-1EA41A390E9E}.Debug|Any CPU.ActiveCfg = Debug|Any CPU
		{C50B8C2B-0F0A-453E-9D51-1EA41A390E9E}.Debug|Any CPU.Build.0 = Debug|Any CPU
		{C50B8C2B-0F0A-453E-9D51-1EA41A390E9E}.Release|Any CPU.ActiveCfg = Release|Any CPU
		{C50B8C2B-0F0A-453E-9D51-1EA41A390E9E}.Release|Any CPU.Build.0 = Release|Any CPU
		{0DC62D6B-F0BB-4288-80B7-ECF69C1BF0C8}.Debug|Any CPU.ActiveCfg = Debug|Any CPU
		{0DC62D6B-F0BB-4288-80B7-ECF69C1BF0C8}.Debug|Any CPU.Build.0 = Debug|Any CPU
		{0DC62D6B-F0BB-4288-80B7-ECF69C1BF0C8}.Release|Any CPU.ActiveCfg = Release|Any CPU
		{0DC62D6B-F0BB-4288-80B7-ECF69C1BF0C8}.Release|Any CPU.Build.0 = Release|Any CPU
	EndGlobalSection
	GlobalSection(SolutionProperties) = preSolution
		HideSolutionNode = FALSE
	EndGlobalSection
EndGlobal
